// !$*UTF8*$!
{
	"classes" = {
	};
	"objectVersion" = "56";
	"archiveVersion" = "1";
	"objects" = {
		"7A7B8562AB4CFD90760E9EE8" = {
			"isa" = "PBXBuildFile";
			"fileRef" = "9C559C2510DECE5D063FDD51";
		};
		"287DC3D3A405206C6FF8C042" = {
			"path" = "CertificateTools.swift";
			"isa" = "PBXFileReference";
			"lastKnownFileType" = "sourcecode.swift";
			"sourceTree" = "<group>";
		};
		"B1ED614499237D266902BEBC" = {
			"path" = "ProvisioningTests.swift";
			"isa" = "PBXFileReference";
			"lastKnownFileType" = "sourcecode.swift";
			"sourceTree" = "<group>";
		};
		"5D3352A3BF2524B21DC367C9" = {
			"isa" = "PBXBuildFile";
			"fileRef" = "B1ED614499237D266902BEBC";
		};
		"60FE4500270B9C876AB29085" = {
			"path" = "LiveDiscoveryTests.swift";
			"isa" = "PBXFileReference";
			"lastKnownFileType" = "sourcecode.swift";
			"sourceTree" = "<group>";
		};
		"0F6857166B6A2058012A7E6F" = {
			"isa" = "PBXBuildFile";
			"fileRef" = "6B36C60F2A807CAFB2917612";
		};
		"870B3294C0CBD48AF6BBCC1B" = {
			"isa" = "PBXGroup";
			"sourceTree" = "<group>";
			"children" = (
				"3C3B0F03DC089F93B8457928",
				"0A300DBF3250EDF7A3D43A3C",
				"0F2612BBE722F8B97292B1A7",
				"B6561938591A059DEBBCECA2",
				"615B463D1028E4E24B674CF7",
			);
		};
		"37DB2A7BFA9347AF1E9FF78F" = {
			"isa" = "PBXBuildFile";
			"fileRef" = "BD5CBD8A72710A036235120B";
		};
		"92D0C0D8CCCFE5143FDBCA6F" = {
			"path" = "Signing.example.xcconfig";
			"isa" = "PBXFileReference";
			"lastKnownFileType" = "text.xcconfig";
			"sourceTree" = "<group>";
		};
		"5DE0B96147C56CE7EB664EA3" = {
			"isa" = "XCBuildConfiguration";
			"buildSettings" = {
				"GENERATE_INFOPLIST_FILE" = "YES";
				"SUPPORTED_PLATFORMS" = "iphoneos iphonesimulator";
				"SUPPORTS_MAC_DESIGNED_FOR_IPHONE_IPAD" = "NO";
				"PRODUCT_MODULE_NAME" = "HomeCortexUITests";
				"PRODUCT_BUNDLE_IDENTIFIER" = "$(HOME_CORTEX_BUNDLE_IDENTIFIER).uitests";
				"SUPPORTS_MACCATALYST" = "NO";
				"LD_RUNPATH_SEARCH_PATHS" = (
					"$(inherited)",
					"@executable_path/Frameworks",
				);
				"TEST_TARGET_NAME" = "home-cortex-apple";
				"PRODUCT_NAME" = "$(TARGET_NAME)";
			};
			"name" = "Release";
		};
		"1ED4DDC43365F18D90E2E2AD" = {
			"path" = "Security";
			"isa" = "PBXGroup";
			"sourceTree" = "<group>";
			"children" = (
				"287DC3D3A405206C6FF8C042",
				"63A3BDCCFD82F51BBFDBDB30",
				"F02061B936F553886088B7D5",
			);
		};
		"BF63BBF5E4D00A6702C5284A" = {
			"path" = "AppMetadata.swift";
			"isa" = "PBXFileReference";
			"lastKnownFileType" = "sourcecode.swift";
			"sourceTree" = "<group>";
		};
		"747D268A8F3647E03CE51F06" = {
			"isa" = "PBXBuildFile";
			"fileRef" = "6E3774B14135B768B57839EA";
		};
		"E61796AA3886E57C02398BB3" = {
			"isa" = "XCConfigurationList";
			"defaultConfigurationIsVisible" = "0";
			"defaultConfigurationName" = "Release";
			"buildConfigurations" = (
				"9E5170DD8516708D743B58C3",
				"B8E4BB20B79A92CF430DB3B0",
			);
		};
		"B2AD80F06A61B1D0FE599FED" = {
			"path" = "ConversationModels.swift";
			"isa" = "PBXFileReference";
			"lastKnownFileType" = "sourcecode.swift";
			"sourceTree" = "<group>";
		};
		"1E014310AC076AEC0EE8886E" = {
			"isa" = "PBXBuildFile";
			"fileRef" = "30B86DB4A257580D3D3330A4";
		};
		"BD5CBD8A72710A036235120B" = {
			"path" = "ConnectionControllerTests.swift";
			"isa" = "PBXFileReference";
			"lastKnownFileType" = "sourcecode.swift";
			"sourceTree" = "<group>";
		};
		"BD92572B49AC16A86614498D" = {
			"isa" = "PBXFrameworksBuildPhase";
			"buildActionMask" = "2147483647";
			"files" = (
			);
			"runOnlyForDeploymentPostprocessing" = "0";
		};
		"04F7316DA8FCF828B7150A2C" = {
			"isa" = "PBXBuildFile";
			"fileRef" = "60FE4500270B9C876AB29085";
		};
		"6B36C60F2A807CAFB2917612" = {
			"path" = "V1Transport.swift";
			"isa" = "PBXFileReference";
			"lastKnownFileType" = "sourcecode.swift";
			"sourceTree" = "<group>";
		};
		"A8911B88896B712E351DAB13" = {
			"path" = "V1JSON.swift";
			"isa" = "PBXFileReference";
			"lastKnownFileType" = "sourcecode.swift";
			"sourceTree" = "<group>";
		};
		"1908DBB89713648767E0873F" = {
			"path" = "Resources";
			"isa" = "PBXGroup";
			"children" = (
				"E0E27618A2D2A8FEBDD49F35",
				"6828C06ADE22EFC1C369561B",
				"E8BCACF12361C737431A593D",
				"D87DB111F2BB4575CB4FC558",
			);
			"sourceTree" = "<group>";
		};
		"64934A18ADCE383D34EDBB67" = {
			"isa" = "PBXBuildFile";
			"fileRef" = "7788AE0958D5D1FF7D867CA3";
		};
		"1A903AE270EAD0B44128FB81" = {
			"path" = "HomeCortexApp.swift";
			"isa" = "PBXFileReference";
			"lastKnownFileType" = "sourcecode.swift";
			"sourceTree" = "<group>";
		};
		"8D2BA079953E39C025AA078B" = {
			"path" = "PhysicalProvisioningTests.swift";
			"isa" = "PBXFileReference";
			"lastKnownFileType" = "sourcecode.swift";
			"sourceTree" = "<group>";
		};
		"6828C06ADE22EFC1C369561B" = {
			"path" = "Development.json";
			"isa" = "PBXFileReference";
			"lastKnownFileType" = "text.json";
			"sourceTree" = "<group>";
		};
		"4EFE369E822A01F5F3097F6E" = {
			"isa" = "PBXFrameworksBuildPhase";
			"buildActionMask" = "2147483647";
			"files" = (
			);
			"runOnlyForDeploymentPostprocessing" = "0";
		};
		"6E3774B14135B768B57839EA" = {
			"path" = "AppMetadataTests.swift";
			"isa" = "PBXFileReference";
			"lastKnownFileType" = "sourcecode.swift";
			"sourceTree" = "<group>";
		};
		"F8975E934DA2067E0E497395" = {
			"isa" = "XCBuildConfiguration";
			"buildSettings" = {
				"INFOPLIST_KEY_UIApplicationSupportsIndirectInputEvents" = "YES";
				"LD_RUNPATH_SEARCH_PATHS" = (
					"$(inherited)",
					"@executable_path/Frameworks",
				);
				"INFOPLIST_KEY_UIApplicationSceneManifest_Generation" = "YES";
				"INFOPLIST_KEY_UISupportedInterfaceOrientations" = "UIInterfaceOrientationPortrait UIInterfaceOrientationLandscapeLeft UIInterfaceOrientationLandscapeRight";
				"INFOPLIST_KEY_NSLocalNetworkUsageDescription" = "Connect securely to your Home Cortex server on the local network.";
				"PRODUCT_MODULE_NAME" = "HomeCortex";
				"GENERATE_INFOPLIST_FILE" = "YES";
				"SUPPORTS_MAC_DESIGNED_FOR_IPHONE_IPAD" = "NO";
				"INFOPLIST_KEY_UILaunchScreen_Generation" = "YES";
				"INFOPLIST_KEY_CFBundleDisplayName" = "Home Cortex";
				"SUPPORTED_PLATFORMS" = "iphoneos iphonesimulator";
				"ASSETCATALOG_COMPILER_GLOBAL_ACCENT_COLOR_NAME" = "AccentColor";
				"PRODUCT_NAME" = "Home Cortex";
				"INFOPLIST_KEY_UISupportedInterfaceOrientations_iPad" = "UIInterfaceOrientationPortrait UIInterfaceOrientationPortraitUpsideDown UIInterfaceOrientationLandscapeLeft UIInterfaceOrientationLandscapeRight";
				"ASSETCATALOG_COMPILER_APPICON_NAME" = "AppIcon";
				"PRODUCT_BUNDLE_IDENTIFIER" = "$(HOME_CORTEX_BUNDLE_IDENTIFIER)";
				"SUPPORTS_MACCATALYST" = "NO";
				"INFOPLIST_KEY_LSApplicationCategoryType" = "public.app-category.utilities";
				"INFOPLIST_KEY_NSCameraUsageDescription" = "Capture a fresh photo when Home Cortex requests vision from this iPhone embodiment.";
			};
			"name" = "Debug";
		};
		"4867F1BF372A84237FA0A5A7" = {
			"isa" = "XCConfigurationList";
			"defaultConfigurationIsVisible" = "0";
			"defaultConfigurationName" = "Release";
			"buildConfigurations" = (
				"F8975E934DA2067E0E497395",
				"F72D4F08E84CA4C7F809A7CF",
			);
		};
		"B18D9D1A06F5FCD0C0F54E5F" = {
			"isa" = "PBXBuildFile";
			"fileRef" = "A8911B88896B712E351DAB13";
		};
		"58BC6ADC9127A4E39A34B381" = {
			"path" = "Base.xcconfig";
			"isa" = "PBXFileReference";
			"lastKnownFileType" = "text.xcconfig";
			"sourceTree" = "<group>";
		};
		"0F2612BBE722F8B97292B1A7" = {
			"path" = "home-cortex-appleUITests";
			"isa" = "PBXGroup";
			"children" = (
				"449E4684469A6CBF0C22DF65",
				"B2C000000000000000000001",
			);
			"sourceTree" = "<group>";
		};
		"7B68248262B444998E716A49" = {
			"isa" = "PBXBuildFile";
			"fileRef" = "20DA83C36CC3510245C09460";
		};
		"449E4684469A6CBF0C22DF65" = {
			"path" = "ConnectionUITests.swift";
			"isa" = "PBXFileReference";
			"lastKnownFileType" = "sourcecode.swift";
			"sourceTree" = "<group>";
		};
		"04EE22AA9C12E0F8077B1748" = {
			"isa" = "PBXBuildFile";
			"fileRef" = "8D52667B18265B03E9ABD04D";
		};
		"C1AE28074D5A9C0476932701" = {
			"path" = "ConnectionView.swift";
			"isa" = "PBXFileReference";
			"lastKnownFileType" = "sourcecode.swift";
			"sourceTree" = "<group>";
		};
		"ACBA2DBB9EA2C3B0D63AF341" = {
			"path" = "ConversationView.swift";
			"isa" = "PBXFileReference";
			"lastKnownFileType" = "sourcecode.swift";
			"sourceTree" = "<group>";
		};
		"30B86DB4A257580D3D3330A4" = {
			"path" = "SecurityTests.swift";
			"isa" = "PBXFileReference";
			"lastKnownFileType" = "sourcecode.swift";
			"sourceTree" = "<group>";
		};
		"716E9590E60B3AFA6E62BF18" = {
			"isa" = "PBXBuildFile";
			"fileRef" = "E0E27618A2D2A8FEBDD49F35";
		};
		"B8E4BB20B79A92CF430DB3B0" = {
			"isa" = "XCBuildConfiguration";
			"buildSettings" = {
				"GENERATE_INFOPLIST_FILE" = "YES";
				"SUPPORTED_PLATFORMS" = "iphoneos iphonesimulator";
				"SUPPORTS_MAC_DESIGNED_FOR_IPHONE_IPAD" = "NO";
				"TEST_HOST" = "$(BUILT_PRODUCTS_DIR)/Home Cortex.app/Home Cortex";
				"LD_RUNPATH_SEARCH_PATHS" = (
					"$(inherited)",
					"@executable_path/Frameworks",
				);
				"SUPPORTS_MACCATALYST" = "NO";
				"PRODUCT_BUNDLE_IDENTIFIER" = "$(HOME_CORTEX_BUNDLE_IDENTIFIER).tests";
				"PRODUCT_MODULE_NAME" = "HomeCortexTests";
				"BUNDLE_LOADER" = "$(TEST_HOST)";
				"PRODUCT_NAME" = "$(TARGET_NAME)";
			};
			"name" = "Release";
		};
		"39F831DAFE5A2F37503C83B2" = {
			"isa" = "PBXFrameworksBuildPhase";
			"buildActionMask" = "2147483647";
			"files" = (
			);
			"runOnlyForDeploymentPostprocessing" = "0";
		};
		"98F54143AB4E86B28C3AFEE0" = {
			"buildConfigurationList" = "640DC9EFD529235A8D9E2727";
			"targets" = (
				"F75109BEB4DD8800DA6B45F8",
				"48021BA534050206D31D8AAD",
				"794AAC98ACE6EB716B86C3A5",
			);
			"developmentRegion" = "en";
			"knownRegions" = (
				"en",
				"Base",
			);
			"isa" = "PBXProject";
			"compatibilityVersion" = "Xcode 14.0";
			"productRefGroup" = "615B463D1028E4E24B674CF7";
			"projectDirPath" = "";
			"attributes" = {
				"BuildIndependentTargetsInParallel" = "YES";
				"LastUpgradeCheck" = "1640";
				"LastSwiftUpdateCheck" = "1640";
				"TargetAttributes" = {
					"794AAC98ACE6EB716B86C3A5" = {
						"TestTargetID" = "F75109BEB4DD8800DA6B45F8";
						"CreatedOnToolsVersion" = "16.4";
					};
					"F75109BEB4DD8800DA6B45F8" = {
						"ProvisioningStyle" = "Automatic";
						"CreatedOnToolsVersion" = "16.4";
					};
					"48021BA534050206D31D8AAD" = {
						"TestTargetID" = "F75109BEB4DD8800DA6B45F8";
						"CreatedOnToolsVersion" = "16.4";
					};
				};
			};
			"hasScannedForEncodings" = "0";
			"projectRoot" = "";
			"mainGroup" = "870B3294C0CBD48AF6BBCC1B";
		};
		"A7333E5C7234024FAC2F07C0" = {
			"isa" = "PBXBuildFile";
			"fileRef" = "6B6500A5D9B286FFF748CA98";
		};
		"64CC064D40A0B08967211DF4" = {
			"path" = "Fixtures";
			"isa" = "PBXFileReference";
			"lastKnownFileType" = "folder";
			"sourceTree" = "<group>";
		};
		"46989C8255269DE6D1128A0F" = {
			"isa" = "PBXBuildFile";
			"fileRef" = "32801695E1232A9456B432E5";
		};
		"63A3BDCCFD82F51BBFDBDB30" = {
			"path" = "CredentialStore.swift";
			"isa" = "PBXFileReference";
			"lastKnownFileType" = "sourcecode.swift";
			"sourceTree" = "<group>";
		};
		"66012D85BF1CA2DD2CB50596" = {
			"path" = "ConnectionController.swift";
			"isa" = "PBXFileReference";
			"lastKnownFileType" = "sourcecode.swift";
			"sourceTree" = "<group>";
		};
		"3AB36C5A259E6297ABD26694" = {
			"isa" = "XCConfigurationList";
			"defaultConfigurationIsVisible" = "0";
			"defaultConfigurationName" = "Release";
			"buildConfigurations" = (
				"BAC435B037607B50C4729BF1",
				"5DE0B96147C56CE7EB664EA3",
			);
		};
		"7344C5B2AECC92FD0601A25E" = {
			"path" = "PhysicalConversationTests.swift";
			"isa" = "PBXFileReference";
			"lastKnownFileType" = "sourcecode.swift";
			"sourceTree" = "<group>";
		};
		"949D493B91791558E87BC5D7" = {
			"isa" = "PBXSourcesBuildPhase";
			"buildActionMask" = "2147483647";
			"files" = (
				"77ED051E77A22FD94E06D4D0",
				"04EE22AA9C12E0F8077B1748",
				"2BC1F8F22FCF033E6E36B199",
				"A7333E5C7234024FAC2F07C0",
				"46989C8255269DE6D1128A0F",
				"C24EBFCF28659F6070B7138F",
				"B18D9D1A06F5FCD0C0F54E5F",
				"64934A18ADCE383D34EDBB67",
				"0F6857166B6A2058012A7E6F",
				"97877CC557E643A6290AA687",
				"A6CAB605E964931A89B29392",
				"F65838C454D73CB9325A01D4",
				"8131E022A8459E2A518F8210",
				"CA8D0704EA14C7D94D56F4F4",
				"7B68248262B444998E716A49",
				"8B514FF89BD28E3178D4DB1F",
				"CBF91F23C9E66F7E0539035E",
				"37755940E15C9BC6B72E844D",
				"00E00309DD644883D5C54274",
				"96E3857273960D68A767CF04",
				"7F82543DA0CFB9E2951FFDDE",
				"D5CAD6B69654F1DE451E2D2F",
				"424D05121477803179619A57",
				"D35AB8D3513378DFD64D8BB9",
				"5F71898EDED211FF56B093E8",
			);
			"runOnlyForDeploymentPostprocessing" = "0";
		};
		"8D52667B18265B03E9ABD04D" = {
			"path" = "RootView.swift";
			"isa" = "PBXFileReference";
			"lastKnownFileType" = "sourcecode.swift";
			"sourceTree" = "<group>";
		};
		"C79C3E4FFACCEA2AC84AC2E0" = {
			"isa" = "PBXContainerItemProxy";
			"containerPortal" = "98F54143AB4E86B28C3AFEE0";
			"remoteGlobalIDString" = "F75109BEB4DD8800DA6B45F8";
			"remoteInfo" = "home-cortex-apple";
			"proxyType" = "1";
		};
		"8ECC8B5D05B79F879ACDF1A2" = {
			"isa" = "PBXResourcesBuildPhase";
			"buildActionMask" = "2147483647";
			"files" = (
				"716E9590E60B3AFA6E62BF18",
				"C9B160E8ED87EB8F661F5E5F",
				"2FAC2A0893FA20B4D0767ECD",
				"F9459D99B0CA2CB16094ED0C",
			);
			"runOnlyForDeploymentPostprocessing" = "0";
		};
		"A201DB8141AD7B93D7C2A1D5" = {
			"isa" = "PBXBuildFile";
			"fileRef" = "449E4684469A6CBF0C22DF65";
		};
		"97877CC557E643A6290AA687" = {
			"isa" = "PBXBuildFile";
			"fileRef" = "287DC3D3A405206C6FF8C042";
		};
		"3C3B0F03DC089F93B8457928" = {
			"path" = "home-cortex-apple";
			"isa" = "PBXGroup";
			"children" = (
				"415AD5B7FEA5E27153E144A9",
				"75E1ECDC15F88D33E30F313F",
				"6A89C9DD7977D7BC19E2BF77",
				"1908DBB89713648767E0873F",
			);
			"sourceTree" = "<group>";
		};
		"C31F193B2E1CDCC5C3A51C16" = {
			"isa" = "PBXBuildFile";
			"fileRef" = "8D2BA079953E39C025AA078B";
		};
		"1F2E9BAC91C61BEF516A4CB2" = {
			"path" = "Conversation";
			"isa" = "PBXGroup";
			"sourceTree" = "<group>";
			"children" = (
				"B2AD80F06A61B1D0FE599FED",
				"10102C88E417B44C524A4F92",
			);
		};
		"640DC9EFD529235A8D9E2727" = {
			"isa" = "XCConfigurationList";
			"defaultConfigurationIsVisible" = "0";
			"defaultConfigurationName" = "Release";
			"buildConfigurations" = (
				"ED8772ADEC3A6C25161BC957",
				"00F209874A1F7309F6DCEAA7",
			);
		};
		"19F0976CA299F93A2DFF5F71" = {
			"isa" = "PBXResourcesBuildPhase";
			"buildActionMask" = "2147483647";
			"files" = (
			);
			"runOnlyForDeploymentPostprocessing" = "0";
		};
		"2BC1F8F22FCF033E6E36B199" = {
			"isa" = "PBXBuildFile";
			"fileRef" = "BF63BBF5E4D00A6702C5284A";
		};
		"FE41E3343258A6882539145A" = {
			"isa" = "PBXTargetDependency";
			"target" = "F75109BEB4DD8800DA6B45F8";
			"targetProxy" = "C79C3E4FFACCEA2AC84AC2E0";
		};
		"A6CAB605E964931A89B29392" = {
			"isa" = "PBXBuildFile";
			"fileRef" = "63A3BDCCFD82F51BBFDBDB30";
		};
		"5DDB0E64CE5DBFEFCE957171" = {
			"isa" = "PBXSourcesBuildPhase";
			"buildActionMask" = "2147483647";
			"files" = (
				"747D268A8F3647E03CE51F06",
				"37DB2A7BFA9347AF1E9FF78F",
				"1E014310AC076AEC0EE8886E",
				"1FA202C7FA590A138312C7F0",
				"04F7316DA8FCF828B7150A2C",
				"C31F193B2E1CDCC5C3A51C16",
				"5D3352A3BF2524B21DC367C9",
				"7A7B8562AB4CFD90760E9EE8",
				"AC2DF74BC969FD389A23CF08",
				"0905A40B3B64779A49D59D1C",
				"0F552069B5B5AD3E2440371C",
				"ED6976322A118C1B60C532CC",
				"65330109616B6FC270E12F8B",
				"83E07CCCA589C61B1D3D97F1",
				"1CDD35CF2C8AE9322EAA0E4A",
			);
			"runOnlyForDeploymentPostprocessing" = "0";
		};
		"8B514FF89BD28E3178D4DB1F" = {
			"isa" = "PBXBuildFile";
			"fileRef" = "ACBA2DBB9EA2C3B0D63AF341";
		};
		"6A89C9DD7977D7BC19E2BF77" = {
			"path" = "Core";
			"isa" = "PBXGroup";
			"children" = (
				"BF63BBF5E4D00A6702C5284A",
				"9BEB514C8DE6B7B2078DD968",
				"1ED4DDC43365F18D90E2E2AD",
				"1F2E9BAC91C61BEF516A4CB2",
				"55E16BC859B2388B5C3F160F",
				"62C96B2F3CBE2A7E20A7A5B1",
			);
			"sourceTree" = "<group>";
		};
		"843F1276118275F796F9EFDC" = {
			"path" = "Connection";
			"isa" = "PBXGroup";
			"sourceTree" = "<group>";
			"children" = (
				"C1AE28074D5A9C0476932701",
				"848ADD0B2DE6BF190176D1EF",
				"66AB31108171C353FF9FE037",
			);
		};
		"ED8772ADEC3A6C25161BC957" = {
			"baseConfigurationReference" = "29FC9BAA481F8B24232CAF68";
			"isa" = "XCBuildConfiguration";
			"buildSettings" = {
				"CLANG_ENABLE_MODULES" = "YES";
				"CLANG_WARN_QUOTED_INCLUDE_IN_FRAMEWORK_HEADER" = "YES";
				"ENABLE_STRICT_OBJC_MSGSEND" = "YES";
				"CLANG_ENABLE_OBJC_ARC" = "YES";
				"COPY_PHASE_STRIP" = "NO";
				"SDKROOT" = "iphoneos";
				"CLANG_WARN_DOCUMENTATION_COMMENTS" = "YES";
				"GCC_C_LANGUAGE_STANDARD" = "gnu17";
				"ALWAYS_SEARCH_USER_PATHS" = "NO";
			};
			"name" = "Debug";
		};
		"A2C1AAABE5CE846EA9429419" = {
			"isa" = "PBXContainerItemProxy";
			"containerPortal" = "98F54143AB4E86B28C3AFEE0";
			"remoteGlobalIDString" = "F75109BEB4DD8800DA6B45F8";
			"remoteInfo" = "home-cortex-apple";
			"proxyType" = "1";
		};
		"48021BA534050206D31D8AAD" = {
			"productType" = "com.apple.product-type.bundle.unit-test";
			"productReference" = "198AA8EA2A3A4B5640AEA2BE";
			"buildConfigurationList" = "E61796AA3886E57C02398BB3";
			"productName" = "home-cortex-appleTests";
			"isa" = "PBXNativeTarget";
			"buildPhases" = (
				"5DDB0E64CE5DBFEFCE957171",
				"4EFE369E822A01F5F3097F6E",
				"C9FEA491171BA9854D4C4FFC",
			);
			"dependencies" = (
				"03C64E9A3C3BED951AC96980",
			);
			"name" = "home-cortex-appleTests";
			"buildRules" = (
			);
		};
		"6D44C59C35FFC97B8A4F1545" = {
			"isa" = "PBXBuildFile";
			"fileRef" = "64CC064D40A0B08967211DF4";
		};
		"BAC435B037607B50C4729BF1" = {
			"isa" = "XCBuildConfiguration";
			"buildSettings" = {
				"GENERATE_INFOPLIST_FILE" = "YES";
				"SUPPORTED_PLATFORMS" = "iphoneos iphonesimulator";
				"SUPPORTS_MAC_DESIGNED_FOR_IPHONE_IPAD" = "NO";
				"PRODUCT_MODULE_NAME" = "HomeCortexUITests";
				"PRODUCT_BUNDLE_IDENTIFIER" = "$(HOME_CORTEX_BUNDLE_IDENTIFIER).uitests";
				"SUPPORTS_MACCATALYST" = "NO";
				"LD_RUNPATH_SEARCH_PATHS" = (
					"$(inherited)",
					"@executable_path/Frameworks",
				);
				"TEST_TARGET_NAME" = "home-cortex-apple";
				"PRODUCT_NAME" = "$(TARGET_NAME)";
			};
			"name" = "Debug";
		};
		"7788AE0958D5D1FF7D867CA3" = {
			"path" = "V1Protocol.swift";
			"isa" = "PBXFileReference";
			"lastKnownFileType" = "sourcecode.swift";
			"sourceTree" = "<group>";
		};
		"10102C88E417B44C524A4F92" = {
			"path" = "ConversationTransport.swift";
			"isa" = "PBXFileReference";
			"lastKnownFileType" = "sourcecode.swift";
			"sourceTree" = "<group>";
		};
		"48B010DE17D802893AAC410B" = {
			"path" = "V1ProtocolTests.swift";
			"isa" = "PBXFileReference";
			"lastKnownFileType" = "sourcecode.swift";
			"sourceTree" = "<group>";
		};
		"F72D4F08E84CA4C7F809A7CF" = {
			"isa" = "XCBuildConfiguration";
			"buildSettings" = {
				"INFOPLIST_KEY_UIApplicationSupportsIndirectInputEvents" = "YES";
				"LD_RUNPATH_SEARCH_PATHS" = (
					"$(inherited)",
					"@executable_path/Frameworks",
				);
				"INFOPLIST_KEY_UIApplicationSceneManifest_Generation" = "YES";
				"INFOPLIST_KEY_UISupportedInterfaceOrientations" = "UIInterfaceOrientationPortrait UIInterfaceOrientationLandscapeLeft UIInterfaceOrientationLandscapeRight";
				"INFOPLIST_KEY_NSLocalNetworkUsageDescription" = "Connect securely to your Home Cortex server on the local network.";
				"PRODUCT_MODULE_NAME" = "HomeCortex";
				"GENERATE_INFOPLIST_FILE" = "YES";
				"SUPPORTS_MAC_DESIGNED_FOR_IPHONE_IPAD" = "NO";
				"INFOPLIST_KEY_UILaunchScreen_Generation" = "YES";
				"INFOPLIST_KEY_CFBundleDisplayName" = "Home Cortex";
				"SUPPORTED_PLATFORMS" = "iphoneos iphonesimulator";
				"ASSETCATALOG_COMPILER_GLOBAL_ACCENT_COLOR_NAME" = "AccentColor";
				"PRODUCT_NAME" = "Home Cortex";
				"INFOPLIST_KEY_UISupportedInterfaceOrientations_iPad" = "UIInterfaceOrientationPortrait UIInterfaceOrientationPortraitUpsideDown UIInterfaceOrientationLandscapeLeft UIInterfaceOrientationLandscapeRight";
				"ASSETCATALOG_COMPILER_APPICON_NAME" = "AppIcon";
				"PRODUCT_BUNDLE_IDENTIFIER" = "$(HOME_CORTEX_BUNDLE_IDENTIFIER)";
				"SUPPORTS_MACCATALYST" = "NO";
				"INFOPLIST_KEY_LSApplicationCategoryType" = "public.app-category.utilities";
				"INFOPLIST_KEY_NSCameraUsageDescription" = "Capture a fresh photo when Home Cortex requests vision from this iPhone embodiment.";
			};
			"name" = "Release";
		};
		"1FA202C7FA590A138312C7F0" = {
			"isa" = "PBXBuildFile";
			"fileRef" = "48B010DE17D802893AAC410B";
		};
		"20DA83C36CC3510245C09460" = {
			"path" = "ConversationController.swift";
			"isa" = "PBXFileReference";
			"lastKnownFileType" = "sourcecode.swift";
			"sourceTree" = "<group>";
		};
		"E0E27618A2D2A8FEBDD49F35" = {
			"path" = "Assets.xcassets";
			"isa" = "PBXFileReference";
			"lastKnownFileType" = "folder.assetcatalog";
			"sourceTree" = "<group>";
		};
		"F9ACDEB529017EFC18F5E60A" = {
			"isa" = "PBXSourcesBuildPhase";
			"buildActionMask" = "2147483647";
			"files" = (
				"A201DB8141AD7B93D7C2A1D5",
				"B2C000000000000000000002",
			);
			"runOnlyForDeploymentPostprocessing" = "0";
		};
		"9B7BED31F6F48AD5D908B2BC" = {
			"path" = "home-cortex-appleUITests.xctest";
			"isa" = "PBXFileReference";
			"includeInIndex" = "0";
			"explicitFileType" = "wrapper.cfbundle";
			"sourceTree" = "BUILT_PRODUCTS_DIR";
		};
		"C24EBFCF28659F6070B7138F" = {
			"isa" = "PBXBuildFile";
			"fileRef" = "66012D85BF1CA2DD2CB50596";
		};
		"9C559C2510DECE5D063FDD51" = {
			"path" = "ConversationTests.swift";
			"isa" = "PBXFileReference";
			"lastKnownFileType" = "sourcecode.swift";
			"sourceTree" = "<group>";
		};
		"9E5170DD8516708D743B58C3" = {
			"isa" = "XCBuildConfiguration";
			"buildSettings" = {
				"GENERATE_INFOPLIST_FILE" = "YES";
				"SUPPORTED_PLATFORMS" = "iphoneos iphonesimulator";
				"SUPPORTS_MAC_DESIGNED_FOR_IPHONE_IPAD" = "NO";
				"TEST_HOST" = "$(BUILT_PRODUCTS_DIR)/Home Cortex.app/Home Cortex";
				"LD_RUNPATH_SEARCH_PATHS" = (
					"$(inherited)",
					"@executable_path/Frameworks",
				);
				"SUPPORTS_MACCATALYST" = "NO";
				"PRODUCT_BUNDLE_IDENTIFIER" = "$(HOME_CORTEX_BUNDLE_IDENTIFIER).tests";
				"PRODUCT_MODULE_NAME" = "HomeCortexTests";
				"BUNDLE_LOADER" = "$(TEST_HOST)";
				"PRODUCT_NAME" = "$(TARGET_NAME)";
			};
			"name" = "Debug";
		};
		"198AA8EA2A3A4B5640AEA2BE" = {
			"path" = "home-cortex-appleTests.xctest";
			"isa" = "PBXFileReference";
			"includeInIndex" = "0";
			"explicitFileType" = "wrapper.cfbundle";
			"sourceTree" = "BUILT_PRODUCTS_DIR";
		};
		"794AAC98ACE6EB716B86C3A5" = {
			"productType" = "com.apple.product-type.bundle.ui-testing";
			"productReference" = "9B7BED31F6F48AD5D908B2BC";
			"buildConfigurationList" = "3AB36C5A259E6297ABD26694";
			"productName" = "home-cortex-appleUITests";
			"isa" = "PBXNativeTarget";
			"buildPhases" = (
				"F9ACDEB529017EFC18F5E60A",
				"39F831DAFE5A2F37503C83B2",
				"19F0976CA299F93A2DFF5F71",
			);
			"dependencies" = (
				"FE41E3343258A6882539145A",
			);
			"name" = "home-cortex-appleUITests";
			"buildRules" = (
			);
		};
		"6B6500A5D9B286FFF748CA98" = {
			"path" = "ClientConfiguration.swift";
			"isa" = "PBXFileReference";
			"lastKnownFileType" = "sourcecode.swift";
			"sourceTree" = "<group>";
		};
		"B6561938591A059DEBBCECA2" = {
			"path" = "Config";
			"isa" = "PBXGroup";
			"children" = (
				"58BC6ADC9127A4E39A34B381",
				"29FC9BAA481F8B24232CAF68",
				"F969DBB6C4A4FCAFF03986A8",
				"92D0C0D8CCCFE5143FDBCA6F",
			);
			"sourceTree" = "<group>";
		};
		"75E1ECDC15F88D33E30F313F" = {
			"path" = "Features";
			"isa" = "PBXGroup";
			"children" = (
				"843F1276118275F796F9EFDC",
				"C4480318C6181F498802F06F",
			);
			"sourceTree" = "<group>";
		};
		"CA8D0704EA14C7D94D56F4F4" = {
			"isa" = "PBXBuildFile";
			"fileRef" = "10102C88E417B44C524A4F92";
		};
		"32801695E1232A9456B432E5" = {
			"path" = "ClientFailure.swift";
			"isa" = "PBXFileReference";
			"lastKnownFileType" = "sourcecode.swift";
			"sourceTree" = "<group>";
		};
		"0A300DBF3250EDF7A3D43A3C" = {
			"path" = "home-cortex-appleTests";
			"isa" = "PBXGroup";
			"children" = (
				"6E3774B14135B768B57839EA",
				"64CC064D40A0B08967211DF4",
				"BD5CBD8A72710A036235120B",
				"30B86DB4A257580D3D3330A4",
				"48B010DE17D802893AAC410B",
				"60FE4500270B9C876AB29085",
				"8D2BA079953E39C025AA078B",
				"B1ED614499237D266902BEBC",
				"9C559C2510DECE5D063FDD51",
				"7344C5B2AECC92FD0601A25E",
				"1105F85128FA5D99F2EA81F0",
				"D3B0BC408DBD4428CB2A334A",
				"528BE9817DB45410187C8C69",
				"9F6F860271CEF04596E4FD3C",
				"BE9D7FD3D73386B785FD71A0",
				"995D149799393BEC0C4C0A2A",
			);
			"sourceTree" = "<group>";
		};
		"F969DBB6C4A4FCAFF03986A8" = {
			"path" = "Release.xcconfig";
			"isa" = "PBXFileReference";
			"lastKnownFileType" = "text.xcconfig";
			"sourceTree" = "<group>";
		};
		"C9B160E8ED87EB8F661F5E5F" = {
			"isa" = "PBXBuildFile";
			"fileRef" = "6828C06ADE22EFC1C369561B";
		};
		"C9FEA491171BA9854D4C4FFC" = {
			"isa" = "PBXResourcesBuildPhase";
			"buildActionMask" = "2147483647";
			"files" = (
				"6D44C59C35FFC97B8A4F1545",
			);
			"runOnlyForDeploymentPostprocessing" = "0";
		};
		"03C64E9A3C3BED951AC96980" = {
			"isa" = "PBXTargetDependency";
			"target" = "F75109BEB4DD8800DA6B45F8";
			"targetProxy" = "A2C1AAABE5CE846EA9429419";
		};
		"615B463D1028E4E24B674CF7" = {
			"isa" = "PBXGroup";
			"name" = "Products";
			"children" = (
				"4E783A9E10D2A8ABA38CD11C",
				"198AA8EA2A3A4B5640AEA2BE",
				"9B7BED31F6F48AD5D908B2BC",
			);
			"sourceTree" = "<group>";
		};
		"F65838C454D73CB9325A01D4" = {
			"isa" = "PBXBuildFile";
			"fileRef" = "C1AE28074D5A9C0476932701";
		};
		"F75109BEB4DD8800DA6B45F8" = {
			"productType" = "com.apple.product-type.application";
			"productReference" = "4E783A9E10D2A8ABA38CD11C";
			"buildConfigurationList" = "4867F1BF372A84237FA0A5A7";
			"productName" = "Home Cortex";
			"isa" = "PBXNativeTarget";
			"buildPhases" = (
				"949D493B91791558E87BC5D7",
				"BD92572B49AC16A86614498D",
				"8ECC8B5D05B79F879ACDF1A2",
			);
			"dependencies" = (
			);
			"name" = "home-cortex-apple";
			"buildRules" = (
			);
		};
		"9BEB514C8DE6B7B2078DD968" = {
			"path" = "V1";
			"isa" = "PBXGroup";
			"sourceTree" = "<group>";
			"children" = (
				"6B6500A5D9B286FFF748CA98",
				"32801695E1232A9456B432E5",
				"66012D85BF1CA2DD2CB50596",
				"A8911B88896B712E351DAB13",
				"7788AE0958D5D1FF7D867CA3",
				"6B36C60F2A807CAFB2917612",
				"D1D7DEF6D116540A30092365",
			);
		};
		"4E783A9E10D2A8ABA38CD11C" = {
			"path" = "Home Cortex.app";
			"isa" = "PBXFileReference";
			"includeInIndex" = "0";
			"explicitFileType" = "wrapper.application";
			"sourceTree" = "BUILT_PRODUCTS_DIR";
		};
		"8131E022A8459E2A518F8210" = {
			"isa" = "PBXBuildFile";
			"fileRef" = "B2AD80F06A61B1D0FE599FED";
		};
		"29FC9BAA481F8B24232CAF68" = {
			"path" = "Debug.xcconfig";
			"isa" = "PBXFileReference";
			"lastKnownFileType" = "text.xcconfig";
			"sourceTree" = "<group>";
		};
		"00F209874A1F7309F6DCEAA7" = {
			"baseConfigurationReference" = "F969DBB6C4A4FCAFF03986A8";
			"isa" = "XCBuildConfiguration";
			"buildSettings" = {
				"CLANG_ENABLE_MODULES" = "YES";
				"CLANG_WARN_QUOTED_INCLUDE_IN_FRAMEWORK_HEADER" = "YES";
				"ENABLE_STRICT_OBJC_MSGSEND" = "YES";
				"CLANG_ENABLE_OBJC_ARC" = "YES";
				"COPY_PHASE_STRIP" = "NO";
				"SDKROOT" = "iphoneos";
				"CLANG_WARN_DOCUMENTATION_COMMENTS" = "YES";
				"GCC_C_LANGUAGE_STANDARD" = "gnu17";
				"ALWAYS_SEARCH_USER_PATHS" = "NO";
			};
			"name" = "Release";
		};
		"AC2DF74BC969FD389A23CF08" = {
			"isa" = "PBXBuildFile";
			"fileRef" = "7344C5B2AECC92FD0601A25E";
		};
		"C4480318C6181F498802F06F" = {
			"path" = "Conversation";
			"isa" = "PBXGroup";
			"sourceTree" = "<group>";
			"children" = (
				"20DA83C36CC3510245C09460",
				"ACBA2DBB9EA2C3B0D63AF341",
			);
		};
		"77ED051E77A22FD94E06D4D0" = {
			"isa" = "PBXBuildFile";
			"fileRef" = "1A903AE270EAD0B44128FB81";
		};
		"415AD5B7FEA5E27153E144A9" = {
			"path" = "App";
			"isa" = "PBXGroup";
			"children" = (
				"1A903AE270EAD0B44128FB81",
				"8D52667B18265B03E9ABD04D",
			);
			"sourceTree" = "<group>";
		};
		"B2C000000000000000000001" = {
			"isa" = "PBXFileReference";
			"path" = "ConversationUITests.swift";
			"lastKnownFileType" = "sourcecode.swift";
			"sourceTree" = "<group>";
		};
		"B2C000000000000000000002" = {
			"isa" = "PBXBuildFile";
			"fileRef" = "B2C000000000000000000001";
		};
		"0905A40B3B64779A49D59D1C" = {
			"isa" = "PBXBuildFile";
			"fileRef" = "1105F85128FA5D99F2EA81F0";
		};
		"2FAC2A0893FA20B4D0767ECD" = {
			"isa" = "PBXBuildFile";
			"fileRef" = "E8BCACF12361C737431A593D";
		};
		"1105F85128FA5D99F2EA81F0" = {
			"path" = "SoftwareLoginTests.swift";
			"isa" = "PBXFileReference";
			"lastKnownFileType" = "sourcecode.swift";
			"sourceTree" = "<group>";
		};
		"F02061B936F553886088B7D5" = {
			"path" = "SoftwareLogin.swift";
			"isa" = "PBXFileReference";
			"lastKnownFileType" = "sourcecode.swift";
			"sourceTree" = "<group>";
		};
		"F9459D99B0CA2CB16094ED0C" = {
			"isa" = "PBXBuildFile";
			"fileRef" = "D87DB111F2BB4575CB4FC558";
		};
		"37755940E15C9BC6B72E844D" = {
			"isa" = "PBXBuildFile";
			"fileRef" = "848ADD0B2DE6BF190176D1EF";
		};
		"D87DB111F2BB4575CB4FC558" = {
			"path" = "HomeCortexCA.txt";
			"isa" = "PBXFileReference";
			"lastKnownFileType" = "text";
			"sourceTree" = "<group>";
		};
		"848ADD0B2DE6BF190176D1EF" = {
			"path" = "LoginView.swift";
			"isa" = "PBXFileReference";
			"lastKnownFileType" = "sourcecode.swift";
			"sourceTree" = "<group>";
		};
		"E8BCACF12361C737431A593D" = {
			"path" = "Household.json";
			"isa" = "PBXFileReference";
			"lastKnownFileType" = "text.json";
			"sourceTree" = "<group>";
		};
		"CBF91F23C9E66F7E0539035E" = {
			"isa" = "PBXBuildFile";
			"fileRef" = "F02061B936F553886088B7D5";
		};
		"ED6976322A118C1B60C532CC" = {
			"isa" = "PBXBuildFile";
			"fileRef" = "528BE9817DB45410187C8C69";
		};
		"66AB31108171C353FF9FE037" = {
			"isa" = "PBXFileReference";
			"path" = "EmbodimentView.swift";
			"lastKnownFileType" = "sourcecode.swift";
			"sourceTree" = "<group>";
		};
		"D1D7DEF6D116540A30092365" = {
			"isa" = "PBXFileReference";
			"path" = "EmbodimentController.swift";
			"lastKnownFileType" = "sourcecode.swift";
			"sourceTree" = "<group>";
		};
		"D3B0BC408DBD4428CB2A334A" = {
			"isa" = "PBXFileReference";
			"path" = "EmbodimentTests.swift";
			"lastKnownFileType" = "sourcecode.swift";
			"sourceTree" = "<group>";
		};
		"7F82543DA0CFB9E2951FFDDE" = {
			"isa" = "PBXBuildFile";
			"fileRef" = "C43B7EE164CFA1093B3CAC80";
		};
		"424D05121477803179619A57" = {
			"isa" = "PBXBuildFile";
			"fileRef" = "F8F6734C2F2018A104513040";
		};
		"D5CAD6B69654F1DE451E2D2F" = {
			"isa" = "PBXBuildFile";
			"fileRef" = "3674D55328820E04F2A307D4";
		};
		"9F6F860271CEF04596E4FD3C" = {
			"isa" = "PBXFileReference";
			"path" = "VisionTests.swift";
			"lastKnownFileType" = "sourcecode.swift";
			"sourceTree" = "<group>";
		};
		"96E3857273960D68A767CF04" = {
			"isa" = "PBXBuildFile";
			"fileRef" = "66AB31108171C353FF9FE037";
		};
		"F8F6734C2F2018A104513040" = {
			"isa" = "PBXFileReference";
			"path" = "VisionRuntime.swift";
			"lastKnownFileType" = "sourcecode.swift";
			"sourceTree" = "<group>";
		};
		"00E00309DD644883D5C54274" = {
			"isa" = "PBXBuildFile";
			"fileRef" = "D1D7DEF6D116540A30092365";
		};
		"D35AB8D3513378DFD64D8BB9" = {
			"isa" = "PBXBuildFile";
			"fileRef" = "5D76DA7DE65B44014220C328";
		};
		"55E16BC859B2388B5C3F160F" = {
			"path" = "Vision";
			"isa" = "PBXGroup";
			"sourceTree" = "<group>";
			"children" = (
				"C43B7EE164CFA1093B3CAC80",
				"3674D55328820E04F2A307D4",
				"F8F6734C2F2018A104513040",
				"5D76DA7DE65B44014220C328",
			);
		};
		"EA93D61443ADF716E29028F5" = {
			"isa" = "PBXFileReference";
			"path" = "InspectionPublisher.swift";
			"lastKnownFileType" = "sourcecode.swift";
			"sourceTree" = "<group>";
		};
		"65330109616B6FC270E12F8B" = {
			"isa" = "PBXBuildFile";
			"fileRef" = "9F6F860271CEF04596E4FD3C";
		};
		"0F552069B5B5AD3E2440371C" = {
			"isa" = "PBXBuildFile";
			"fileRef" = "D3B0BC408DBD4428CB2A334A";
		};
		"C43B7EE164CFA1093B3CAC80" = {
			"isa" = "PBXFileReference";
			"path" = "StillImageCapture.swift";
			"lastKnownFileType" = "sourcecode.swift";
			"sourceTree" = "<group>";
		};
		"5F71898EDED211FF56B093E8" = {
			"isa" = "PBXBuildFile";
			"fileRef" = "EA93D61443ADF716E29028F5";
		};
		"62C96B2F3CBE2A7E20A7A5B1" = {
			"path" = "Inspection";
			"isa" = "PBXGroup";
			"sourceTree" = "<group>";
			"children" = (
				"EA93D61443ADF716E29028F5",
			);
		};
		"83E07CCCA589C61B1D3D97F1" = {
			"isa" = "PBXBuildFile";
			"fileRef" = "BE9D7FD3D73386B785FD71A0";
		};
		"BE9D7FD3D73386B785FD71A0" = {
			"isa" = "PBXFileReference";
			"path" = "PhysicalVisionTests.swift";
			"lastKnownFileType" = "sourcecode.swift";
			"sourceTree" = "<group>";
		};
		"528BE9817DB45410187C8C69" = {
			"isa" = "PBXFileReference";
			"path" = "PhysicalEmbodimentTests.swift";
			"lastKnownFileType" = "sourcecode.swift";
			"sourceTree" = "<group>";
		};
		"3674D55328820E04F2A307D4" = {
			"isa" = "PBXFileReference";
			"path" = "VisionCommand.swift";
			"lastKnownFileType" = "sourcecode.swift";
			"sourceTree" = "<group>";
		};
		"5D76DA7DE65B44014220C328" = {
			"isa" = "PBXFileReference";
			"path" = "VisualEvidence.swift";
			"lastKnownFileType" = "sourcecode.swift";
			"sourceTree" = "<group>";
		};
		"995D149799393BEC0C4C0A2A" = {
			"isa" = "PBXFileReference";
			"path" = "InspectionTests.swift";
			"lastKnownFileType" = "sourcecode.swift";
			"sourceTree" = "<group>";
		};
		"1CDD35CF2C8AE9322EAA0E4A" = {
			"isa" = "PBXBuildFile";
			"fileRef" = "995D149799393BEC0C4C0A2A";
		};
	};
	"rootObject" = "98F54143AB4E86B28C3AFEE0";
}
